// !$*UTF8*$!
{
	archiveVersion = 1;
	classes = {
	};
	objectVersion = 56;
	objects = {

/* Begin PBXBuildFile section */
		EF18187E2B80AB5400194A5E /* HikeApp.swift in Sources */ = {isa = PBXBuildFile; fileRef = EF18187D2B80AB5400194A5E /* HikeApp.swift */; };
		EF1818802B80AB5400194A5E /* ContentView.swift in Sources */ = {isa = PBXBuildFile; fileRef = EF18187F2B80AB5400194A5E /* ContentView.swift */; };
		EF1818822B80AB5600194A5E /* Assets.xcassets in Resources */ = {isa = PBXBuildFile; fileRef = EF1818812B80AB5600194A5E /* Assets.xcassets */; };
		EF1818852B80AB5600194A5E /* Preview Assets.xcassets in Resources */ = {isa = PBXBuildFile; fileRef = EF1818842B80AB5600194A5E /* Preview Assets.xcassets */; };
		EF18188C2B80BA5D00194A5E /* CardView.swift in Sources */ = {isa = PBXBuildFile; fileRef = EF18188B2B80BA5D00194A5E /* CardView.swift */; };
		EF18188F2B80BBC000194A5E /* CustomBackgroundView.swift in Sources */ = {isa = PBXBuildFile; fileRef = EF18188E2B80BBC000194A5E /* CustomBackgroundView.swift */; };
		EF1818922B80C01B00194A5E /* ColorExtension.swift in Sources */ = {isa = PBXBuildFile; fileRef = EF1818912B80C01A00194A5E /* ColorExtension.swift */; };
		EF2B3E472B8203CF00590216 /* CustomButtonView.swift in Sources */ = {isa = PBXBuildFile; fileRef = EF2B3E462B8203CF00590216 /* CustomButtonView.swift */; };
		EF2B3E492B84635100590216 /* GradientButtonStyle.swift in Sources */ = {isa = PBXBuildFile; fileRef = EF2B3E482B84635100590216 /* GradientButtonStyle.swift */; };
		EF2B3E4B2B8469B800590216 /* CustomCircleView.swift in Sources */ = {isa = PBXBuildFile; fileRef = EF2B3E4A2B8469B800590216 /* CustomCircleView.swift */; };
		EF2B3E4D2B846C7C00590216 /* MotionAnimationView.swift in Sources */ = {isa = PBXBuildFile; fileRef = EF2B3E4C2B846C7C00590216 /* MotionAnimationView.swift */; };
		EF2B3E502B89DDCC00590216 /* SettingsView.swift in Sources */ = {isa = PBXBuildFile; fileRef = EF2B3E4F2B89DDCC00590216 /* SettingsView.swift */; };
		EF2B3E522B89E74000590216 /* CustomListRowView.swift in Sources */ = {isa = PBXBuildFile; fileRef = EF2B3E512B89E74000590216 /* CustomListRowView.swift */; };
/* End PBXBuildFile section */

/* Begin PBXFileReference section */
		EF18187A2B80AB5400194A5E /* Hike.app */ = {isa = PBXFileReference; explicitFileType = wrapper.application; includeInIndex = 0; path = Hike.app; sourceTree = BUILT_PRODUCTS_DIR; };
		EF18187D2B80AB5400194A5E /* HikeApp.swift */ = {isa = PBXFileReference; lastKnownFileType = sourcecode.swift; path = HikeApp.swift; sourceTree = "<group>"; };
		EF18187F2B80AB5400194A5E /* ContentView.swift */ = {isa = PBXFileReference; lastKnownFileType = sourcecode.swift; path = ContentView.swift; sourceTree = "<group>"; };
		EF1818812B80AB5600194A5E /* Assets.xcassets */ = {isa = PBXFileReference; lastKnownFileType = folder.assetcatalog; path = Assets.xcassets; sourceTree = "<group>"; };
		EF1818842B80AB5600194A5E /* Preview Assets.xcassets */ = {isa = PBXFileReference; lastKnownFileType = folder.assetcatalog; path = "Preview Assets.xcassets"; sourceTree = "<group>"; };
		EF18188B2B80BA5D00194A5E /* CardView.swift */ = {isa = PBXFileReference; lastKnownFileType = sourcecode.swift; path = CardView.swift; sourceTree = "<group>"; };
		EF18188E2B80BBC000194A5E /* CustomBackgroundView.swift */ = {isa = PBXFileReference; lastKnownFileType = sourcecode.swift; path = CustomBackgroundView.swift; sourceTree = "<group>"; };
		EF1818912B80C01A00194A5E /* ColorExtension.swift */ = {isa = PBXFileReference; lastKnownFileType = sourcecode.swift; path = ColorExtension.swift; sourceTree = "<group>"; };
		EF2B3E462B8203CF00590216 /* CustomButtonView.swift */ = {isa = PBXFileReference; lastKnownFileType = sourcecode.swift; path = CustomButtonView.swift; sourceTree = "<group>"; };
		EF2B3E482B84635100590216 /* GradientButtonStyle.swift */ = {isa = PBXFileReference; lastKnownFileType = sourcecode.swift; path = GradientButtonStyle.swift; sourceTree = "<group>"; };
		EF2B3E4A2B8469B800590216 /* CustomCircleView.swift */ = {isa = PBXFileReference; lastKnownFileType = sourcecode.swift; path = CustomCircleView.swift; sourceTree = "<group>"; };
		EF2B3E4C2B846C7C00590216 /* MotionAnimationView.swift */ = {isa = PBXFileReference; lastKnownFileType = sourcecode.swift; path = MotionAnimationView.swift; sourceTree = "<group>"; };
		EF2B3E4F2B89DDCC00590216 /* SettingsView.swift */ = {isa = PBXFileReference; lastKnownFileType = sourcecode.swift; path = SettingsView.swift; sourceTree = "<group>"; };
		EF2B3E512B89E74000590216 /* CustomListRowView.swift */ = {isa = PBXFileReference; lastKnownFileType = sourcecode.swift; path = CustomListRowView.swift; sourceTree = "<group>"; };
/* End PBXFileReference section */

/* Begin PBXFrameworksBuildPhase section */
		EF1818772B80AB5400194A5E /* Frameworks */ = {
			isa = PBXFrameworksBuildPhase;
			buildActionMask = 2147483647;
			files = (
			);
			runOnlyForDeploymentPostprocessing = 0;
		};
/* End PBXFrameworksBuildPhase section */

/* Begin PBXGroup section */
		EF1818712B80AB5400194A5E = {
			isa = PBXGroup;
			children = (
				EF18187C2B80AB5400194A5E /* Hike */,
				EF18187B2B80AB5400194A5E /* Products */,
			);
			sourceTree = "<group>";
		};
		EF18187B2B80AB5400194A5E /* Products */ = {
			isa = PBXGroup;
			children = (
				EF18187A2B80AB5400194A5E /* Hike.app */,
			);
			name = Products;
			sourceTree = "<group>";
		};
		EF18187C2B80AB5400194A5E /* Hike */ = {
			isa = PBXGroup;
			children = (
				EF1818812B80AB5600194A5E /* Assets.xcassets */,
				EF1818902B80C00800194A5E /* Utility */,
				EF18187D2B80AB5400194A5E /* HikeApp.swift */,
				EF2B3E4E2B89DDAA00590216 /* Screen */,
				EF1818832B80AB5600194A5E /* Preview Content */,
				EF18188D2B80BB9700194A5E /* Component */,
			);
			path = Hike;
			sourceTree = "<group>";
		};
		EF1818832B80AB5600194A5E /* Preview Content */ = {
			isa = PBXGroup;
			children = (
				EF1818842B80AB5600194A5E /* Preview Assets.xcassets */,
			);
			path = "Preview Content";
			sourceTree = "<group>";
		};
		EF18188D2B80BB9700194A5E /* Component */ = {
			isa = PBXGroup;
			children = (
				EF18188B2B80BA5D00194A5E /* CardView.swift */,
				EF18188E2B80BBC000194A5E /* CustomBackgroundView.swift */,
				EF2B3E462B8203CF00590216 /* CustomButtonView.swift */,
				EF2B3E4A2B8469B800590216 /* CustomCircleView.swift */,
				EF2B3E4C2B846C7C00590216 /* MotionAnimationView.swift */,
				EF2B3E512B89E74000590216 /* CustomListRowView.swift */,
			);
			path = Component;
			sourceTree = "<group>";
		};
		EF1818902B80C00800194A5E /* Utility */ = {
			isa = PBXGroup;
			children = (
				EF1818912B80C01A00194A5E /* ColorExtension.swift */,
				EF2B3E482B84635100590216 /* GradientButtonStyle.swift */,
			);
			path = Utility;
			sourceTree = "<group>";
		};
		EF2B3E4E2B89DDAA00590216 /* Screen */ = {
			isa = PBXGroup;
			children = (
				EF18187F2B80AB5400194A5E /* ContentView.swift */,
				EF2B3E4F2B89DDCC00590216 /* SettingsView.swift */,
			);
			path = Screen;
			sourceTree = "<group>";
		};
/* End PBXGroup section */

/* Begin PBXNativeTarget section */
		EF1818792B80AB5400194A5E /* Hike */ = {
			isa = PBXNativeTarget;
			buildConfigurationList = EF1818882B80AB5600194A5E /* Build configuration list for PBXNativeTarget "Hike" */;
			buildPhases = (
				EF1818762B80AB5400194A5E /* Sources */,
				EF1818772B80AB5400194A5E /* Frameworks */,
				EF1818782B80AB5400194A5E /* Resources */,
			);
			buildRules = (
			);
			dependencies = (
			);
			name = Hike;
			productName = Hike;
			productReference = EF18187A2B80AB5400194A5E /* Hike.app */;
			productType = "com.apple.product-type.application";
		};
/* End PBXNativeTarget section */

/* Begin PBXProject section */
		EF1818722B80AB5400194A5E /* Project object */ = {
			isa = PBXProject;
			attributes = {
				BuildIndependentTargetsInParallel = 1;
				LastSwiftUpdateCheck = 1520;
				LastUpgradeCheck = 1520;
				TargetAttributes = {
					EF1818792B80AB5400194A5E = {
						CreatedOnToolsVersion = 15.2;
					};
				};
			};
			buildConfigurationList = EF1818752B80AB5400194A5E /* Build configuration list for PBXProject "Hike" */;
			compatibilityVersion = "Xcode 14.0";
			developmentRegion = en;
			hasScannedForEncodings = 0;
			knownRegions = (
				en,
				Base,
			);
			mainGroup = EF1818712B80AB5400194A5E;
			productRefGroup = EF18187B2B80AB5400194A5E /* Products */;
			projectDirPath = "";
			projectRoot = "";
			targets = (
				EF1818792B80AB5400194A5E /* Hike */,
			);
		};
/* End PBXProject section */

/* Begin PBXResourcesBuildPhase section */
		EF1818782B80AB5400194A5E /* Resources */ = {
			isa = PBXResourcesBuildPhase;
			buildActionMask = 2147483647;
			files = (
				EF1818852B80AB5600194A5E /* Preview Assets.xcassets in Resources */,
				EF1818822B80AB5600194A5E /* Assets.xcassets in Resources */,
			);
			runOnlyForDeploymentPostprocessing = 0;
		};
/* End PBXResourcesBuildPhase section */

/* Begin PBXSourcesBuildPhase section */
		EF1818762B80AB5400194A5E /* Sources */ = {
			isa = PBXSourcesBuildPhase;
			buildActionMask = 2147483647;
			files = (
				EF1818802B80AB5400194A5E /* ContentView.swift in Sources */,
				EF2B3E4B2B8469B800590216 /* CustomCircleView.swift in Sources */,
				EF2B3E522B89E74000590216 /* CustomListRowView.swift in Sources */,
				EF18188C2B80BA5D00194A5E /* CardView.swift in Sources */,
				EF18187E2B80AB5400194A5E /* HikeApp.swift in Sources */,
				EF2B3E472B8203CF00590216 /* CustomButtonView.swift in Sources */,
				EF2B3E502B89DDCC00590216 /* SettingsView.swift in Sources */,
				EF2B3E492B84635100590216 /* GradientButtonStyle.swift in Sources */,
				EF2B3E4D2B846C7C00590216 /* MotionAnimationView.swift in Sources */,
				EF18188F2B80BBC000194A5E /* CustomBackgroundView.swift in Sources */,
				EF1818922B80C01B00194A5E /* ColorExtension.swift in Sources */,
			);
			runOnlyForDeploymentPostprocessing = 0;
		};
/* End PBXSourcesBuildPhase section */

/* Begin XCBuildConfiguration section */
		EF1818862B80AB5600194A5E /* Debug */ = {
			isa = XCBuildConfiguration;
			buildSettings = {
				ALWAYS_SEARCH_USER_PATHS = NO;
				ASSETCATALOG_COMPILER_GENERATE_SWIFT_ASSET_SYMBOL_EXTENSIONS = YES;
				CLANG_ANALYZER_NONNULL = YES;
				CLANG_ANALYZER_NUMBER_OBJECT_CONVERSION = YES_AGGRESSIVE;
				CLANG_CXX_LANGUAGE_STANDARD = "gnu++20";
				CLANG_ENABLE_MODULES = YES;
				CLANG_ENABLE_OBJC_ARC = YES;
				CLANG_ENABLE_OBJC_WEAK = YES;
				CLANG_WARN_BLOCK_CAPTURE_AUTORELEASING = YES;
				CLANG_WARN_BOOL_CONVERSION = YES;
				CLANG_WARN_COMMA = YES;
				CLANG_WARN_CONSTANT_CONVERSION = YES;
				CLANG_WARN_DEPRECATED_OBJC_IMPLEMENTATIONS = YES;
				CLANG_WARN_DIRECT_OBJC_ISA_USAGE = YES_ERROR;
				CLANG_WARN_DOCUMENTATION_COMMENTS = YES;
				CLANG_WARN_EMPTY_BODY = YES;
				CLANG_WARN_ENUM_CONVERSION = YES;
				CLANG_WARN_INFINITE_RECURSION = YES;
				CLANG_WARN_INT_CONVERSION = YES;
				CLANG_WARN_NON_LITERAL_NULL_CONVERSION = YES;
				CLANG_WARN_OBJC_IMPLICIT_RETAIN_SELF = YES;
				CLANG_WARN_OBJC_LITERAL_CONVERSION = YES;
				CLANG_WARN_OBJC_ROOT_CLASS = YES_ERROR;
				CLANG_WARN_QUOTED_INCLUDE_IN_FRAMEWORK_HEADER = YES;
				CLANG_WARN_RANGE_LOOP_ANALYSIS = YES;
				CLANG_WARN_STRICT_PROTOTYPES = YES;
				CLANG_WARN_SUSPICIOUS_MOVE = YES;
				CLANG_WARN_UNGUARDED_AVAILABILITY = YES_AGGRESSIVE;
				CLANG_WARN_UNREACHABLE_CODE = YES;
				CLANG_WARN__DUPLICATE_METHOD_MATCH = YES;
				COPY_PHASE_STRIP = NO;
				DEBUG_INFORMATION_FORMAT = dwarf;
				ENABLE_STRICT_OBJC_MSGSEND = YES;
				ENABLE_TESTABILITY = YES;
				ENABLE_USER_SCRIPT_SANDBOXING = YES;
				GCC_C_LANGUAGE_STANDARD = gnu17;
				GCC_DYNAMIC_NO_PIC = NO;
				GCC_NO_COMMON_BLOCKS = YES;
				GCC_OPTIMIZATION_LEVEL = 0;
				GCC_PREPROCESSOR_DEFINITIONS = (
					"DEBUG=1",
					"$(inherited)",
				);
				GCC_WARN_64_TO_32_BIT_CONVERSION = YES;
				GCC_WARN_ABOUT_RETURN_TYPE = YES_ERROR;
				GCC_WARN_UNDECLARED_SELECTOR = YES;
				GCC_WARN_UNINITIALIZED_AUTOS = YES_AGGRESSIVE;
				GCC_WARN_UNUSED_FUNCTION = YES;
				GCC_WARN_UNUSED_VARIABLE = YES;
				IPHONEOS_DEPLOYMENT_TARGET = 17.2;
				LOCALIZATION_PREFERS_STRING_CATALOGS = YES;
				MTL_ENABLE_DEBUG_INFO = INCLUDE_SOURCE;
				MTL_FAST_MATH = YES;
				ONLY_ACTIVE_ARCH = YES;
				SDKROOT = iphoneos;
				SWIFT_ACTIVE_COMPILATION_CONDITIONS = "DEBUG $(inherited)";
				SWIFT_OPTIMIZATION_LEVEL = "-Onone";
			};
			name = Debug;
		};
		EF1818872B80AB5600194A5E /* Release */ = {
			isa = XCBuildConfiguration;
			buildSettings = {
				ALWAYS_SEARCH_USER_PATHS = NO;
				ASSETCATALOG_COMPILER_GENERATE_SWIFT_ASSET_SYMBOL_EXTENSIONS = YES;
				CLANG_ANALYZER_NONNULL = YES;
				CLANG_ANALYZER_NUMBER_OBJECT_CONVERSION = YES_AGGRESSIVE;
				CLANG_CXX_LANGUAGE_STANDARD = "gnu++20";
				CLANG_ENABLE_MODULES = YES;
				CLANG_ENABLE_OBJC_ARC = YES;
				CLANG_ENABLE_OBJC_WEAK = YES;
				CLANG_WARN_BLOCK_CAPTURE_AUTORELEASING = YES;
				CLANG_WARN_BOOL_CONVERSION = YES;
				CLANG_WARN_COMMA = YES;
				CLANG_WARN_CONSTANT_CONVERSION = YES;
				CLANG_WARN_DEPRECATED_OBJC_IMPLEMENTATIONS = YES;
				CLANG_WARN_DIRECT_OBJC_ISA_USAGE = YES_ERROR;
				CLANG_WARN_DOCUMENTATION_COMMENTS = YES;
				CLANG_WARN_EMPTY_BODY = YES;
				CLANG_WARN_ENUM_CONVERSION = YES;
				CLANG_WARN_INFINITE_RECURSION = YES;
				CLANG_WARN_INT_CONVERSION = YES;
				CLANG_WARN_NON_LITERAL_NULL_CONVERSION = YES;
				CLANG_WARN_OBJC_IMPLICIT_RETAIN_SELF = YES;
				CLANG_WARN_OBJC_LITERAL_CONVERSION = YES;
				CLANG_WARN_OBJC_ROOT_CLASS = YES_ERROR;
				CLANG_WARN_QUOTED_INCLUDE_IN_FRAMEWORK_HEADER = YES;
				CLANG_WARN_RANGE_LOOP_ANALYSIS = YES;
				CLANG_WARN_STRICT_PROTOTYPES = YES;
				CLANG_WARN_SUSPICIOUS_MOVE = YES;
				CLANG_WARN_UNGUARDED_AVAILABILITY = YES_AGGRESSIVE;
				CLANG_WARN_UNREACHABLE_CODE = YES;
				CLANG_WARN__DUPLICATE_METHOD_MATCH = YES;
				COPY_PHASE_STRIP = NO;
				DEBUG_INFORMATION_FORMAT = "dwarf-with-dsym";
				ENABLE_NS_ASSERTIONS = NO;
				ENABLE_STRICT_OBJC_MSGSEND = YES;
				ENABLE_USER_SCRIPT_SANDBOXING = YES;
				GCC_C_LANGUAGE_STANDARD = gnu17;
				GCC_NO_COMMON_BLOCKS = YES;
				GCC_WARN_64_TO_32_BIT_CONVERSION = YES;
				GCC_WARN_ABOUT_RETURN_TYPE = YES_ERROR;
				GCC_WARN_UNDECLARED_SELECTOR = YES;
				GCC_WARN_UNINITIALIZED_AUTOS = YES_AGGRESSIVE;
				GCC_WARN_UNUSED_FUNCTION = YES;
				GCC_WARN_UNUSED_VARIABLE = YES;
				IPHONEOS_DEPLOYMENT_TARGET = 17.2;
				LOCALIZATION_PREFERS_STRING_CATALOGS = YES;
				MTL_ENABLE_DEBUG_INFO = NO;
				MTL_FAST_MATH = YES;
				SDKROOT = iphoneos;
				SWIFT_COMPILATION_MODE = wholemodule;
				VALIDATE_PRODUCT = YES;
			};
			name = Release;
		};
		EF1818892B80AB5600194A5E /* Debug */ = {
			isa = XCBuildConfiguration;
			buildSettings = {
				ASSETCATALOG_COMPILER_APPICON_NAME = AppIcon;
				ASSETCATALOG_COMPILER_GLOBAL_ACCENT_COLOR_NAME = AccentColor;
				ASSETCATALOG_COMPILER_INCLUDE_ALL_APPICON_ASSETS = YES;
				CODE_SIGN_STYLE = Automatic;
				CURRENT_PROJECT_VERSION = 1;
				DEVELOPMENT_ASSET_PATHS = "\"Hike/Preview Content\"";
				DEVELOPMENT_TEAM = XVPZ66P689;
				ENABLE_PREVIEWS = YES;
				GENERATE_INFOPLIST_FILE = YES;
				INFOPLIST_KEY_UIApplicationSceneManifest_Generation = YES;
				INFOPLIST_KEY_UIApplicationSupportsIndirectInputEvents = YES;
				INFOPLIST_KEY_UILaunchScreen_Generation = YES;
				INFOPLIST_KEY_UISupportedInterfaceOrientations_iPad = "UIInterfaceOrientationPortrait UIInterfaceOrientationPortraitUpsideDown UIInterfaceOrientationLandscapeLeft UIInterfaceOrientationLandscapeRight";
				INFOPLIST_KEY_UISupportedInterfaceOrientations_iPhone = "UIInterfaceOrientationPortrait UIInterfaceOrientationLandscapeLeft UIInterfaceOrientationLandscapeRight";
				LD_RUNPATH_SEARCH_PATHS = (
					"$(inherited)",
					"@executable_path/Frameworks",
				);
				MARKETING_VERSION = 1.0;
				PRODUCT_BUNDLE_IDENTIFIER = com.Yasser.Hike;
				PRODUCT_NAME = "$(TARGET_NAME)";
				SWIFT_EMIT_LOC_STRINGS = YES;
				SWIFT_VERSION = 5.0;
				TARGETED_DEVICE_FAMILY = "1,2";
			};
			name = Debug;
		};
		EF18188A2B80AB5600194A5E /* Release */ = {
			isa = XCBuildConfiguration;
			buildSettings = {
				ASSETCATALOG_COMPILER_APPICON_NAME = AppIcon;
				ASSETCATALOG_COMPILER_GLOBAL_ACCENT_COLOR_NAME = AccentColor;
				ASSETCATALOG_COMPILER_INCLUDE_ALL_APPICON_ASSETS = YES;
				CODE_SIGN_STYLE = Automatic;
				CURRENT_PROJECT_VERSION = 1;
				DEVELOPMENT_ASSET_PATHS = "\"Hike/Preview Content\"";
				DEVELOPMENT_TEAM = XVPZ66P689;
				ENABLE_PREVIEWS = YES;
				GENERATE_INFOPLIST_FILE = YES;
				INFOPLIST_KEY_UIApplicationSceneManifest_Generation = YES;
				INFOPLIST_KEY_UIApplicationSupportsIndirectInputEvents = YES;
				INFOPLIST_KEY_UILaunchScreen_Generation = YES;
				INFOPLIST_KEY_UISupportedInterfaceOrientations_iPad = "UIInterfaceOrientationPortrait UIInterfaceOrientationPortraitUpsideDown UIInterfaceOrientationLandscapeLeft UIInterfaceOrientationLandscapeRight";
				INFOPLIST_KEY_UISupportedInterfaceOrientations_iPhone = "UIInterfaceOrientationPortrait UIInterfaceOrientationLandscapeLeft UIInterfaceOrientationLandscapeRight";
				LD_RUNPATH_SEARCH_PATHS = (
					"$(inherited)",
					"@executable_path/Frameworks",
				);
				MARKETING_VERSION = 1.0;
				PRODUCT_BUNDLE_IDENTIFIER = com.Yasser.Hike;
				PRODUCT_NAME = "$(TARGET_NAME)";
				SWIFT_EMIT_LOC_STRINGS = YES;
				SWIFT_VERSION = 5.0;
				TARGETED_DEVICE_FAMILY = "1,2";
			};
			name = Release;
		};
/* End XCBuildConfiguration section */

/* Begin XCConfigurationList section */
		EF1818752B80AB5400194A5E /* Build configuration list for PBXProject "Hike" */ = {
			isa = XCConfigurationList;
			buildConfigurations = (
				EF1818862B80AB5600194A5E /* Debug */,
				EF1818872B80AB5600194A5E /* Release */,
			);
			defaultConfigurationIsVisible = 0;
			defaultConfigurationName = Release;
		};
		EF1818882B80AB5600194A5E /* Build configuration list for PBXNativeTarget "Hike" */ = {
			isa = XCConfigurationList;
			buildConfigurations = (
				EF1818892B80AB5600194A5E /* Debug */,
				EF18188A2B80AB5600194A5E /* Release */,
			);
			defaultConfigurationIsVisible = 0;
			defaultConfigurationName = Release;
		};
/* End XCConfigurationList section */
	};
	rootObject = EF1818722B80AB5400194A5E /* Project object */;
}
